
Microsoft Visual Studio Solution File, Format Version 12.00
# Visual Studio Version 16
VisualStudioVersion = 16.0.30523.141
MinimumVisualStudioVersion = 10.0.40219.1
Project("{8BC9CEB8-8B4A-11D0-8D11-00A0C91BC942}") = "download", "download\download.vcxproj", "{EEE2F711-7734-49CB-A408-EB8A10AEAEEE}"
EndProject
Global
	GlobalSection(SolutionConfigurationPlatforms) = preSolution
		Debug|x64 = Debug|x64
		Debug|x86 = Debug|x86
		Release|x64 = Release|x64
		Release|x86 = Release|x86
	EndGlobalSection
	GlobalSection(ProjectConfigurationPlatforms) = postSolution
		{EEE2F711-7734-49CB-A408-EB8A10AEAEEE}.Debug|x64.ActiveCfg = Debug|x64
		{EEE2F711-7734-49CB-A408-EB8A10AEAEEE}.Debug|x64.Build.0 = Debug|x64
		{EEE2F711-7734-49CB-A408-EB8A10AEAEEE}.Debug|x86.ActiveCfg = Debug|Win32
		{EEE2F711-7734-49CB-A408-EB8A10AEAEEE}.Debug|x86.Build.0 = Debug|Win32
		{EEE2F711-7734-49CB-A408-EB8A10AEAEEE}.Release|x64.ActiveCfg = Release|x64
		{EEE2F711-7734-49CB-A408-EB8A10AEAEEE}.Release|x64.Build.0 = Release|x64
		{EEE2F711-7734-49CB-A408-EB8A10AEAEEE}.Release|x86.ActiveCfg = Release|Win32
		{EEE2F711-7734-49CB-A408-EB8A10AEAEEE}.Release|x86.Build.0 = Release|Win32
	EndGlobalSection
	GlobalSection(SolutionProperties) = preSolution
		HideSolutionNode = FALSE
	EndGlobalSection
	GlobalSection(ExtensibilityGlobals) = postSolution
		SolutionGuid = {417BC6FE-9975-4F13-A4BE-7BC49E3A24BC}
	EndGlobalSection
EndGlobal
